<?xml version="1.0" encoding="utf-8"?>
<Project ToolsVersion="4.0" xmlns="http://schemas.microsoft.com/developer/msbuild/2003">
  <ItemGroup>
    <Filter Include="소스 파일">
      <UniqueIdentifier>{4FC737F1-C7A5-4376-A066-2A32D752A2FF}</UniqueIdentifier>
      <Extensions>cpp;c;cc;cxx;c++;cppm;ixx;def;odl;idl;hpj;bat;asm;asmx</Extensions>
    </Filter>
    <Filter Include="헤더 파일">
      <UniqueIdentifier>{93995380-89BD-4b04-88EB-625FBE52EBFB}</UniqueIdentifier>
      <Extensions>h;hh;hpp;hxx;h++;hm;inl;inc;ipp;xsd</Extensions>
    </Filter>
    <Filter Include="리소스 파일">
      <UniqueIdentifier>{67DA6AB6-F800-4c08-8B7A-83BB121AAD01}</UniqueIdentifier>
      <Extensions>rc;ico;cur;bmp;dlg;rc2;rct;bin;rgs;gif;jpg;jpeg;jpe;resx;tiff;tif;png;wav;mfcribbon-ms</Extensions>
    </Filter>
    <Filter Include="소스 파일\default">
      <UniqueIdentifier>{247a2ea1-82e0-4429-ac89-a888374c45c0}</UniqueIdentifier>
    </Filter>
    <Filter Include="소스 파일\game">
      <UniqueIdentifier>{75256a8a-e42c-48b5-9827-ceaeb2c61971}</UniqueIdentifier>
    </Filter>
    <Filter Include="소스 파일\scoreborad">
      <UniqueIdentifier>{0ca3180a-dd0f-4a80-b027-84112ddc8dff}</UniqueIdentifier>
    </Filter>
    <Filter Include="소스 파일\num">
      <UniqueIdentifier>{96e575ff-0b56-4dee-8b7b-48f5afc18582}</UniqueIdentifier>
    </Filter>
    <Filter Include="소스 파일\check">
      <UniqueIdentifier>{bcbb5054-7613-4375-8a40-7345c440db1e}</UniqueIdentifier>
    </Filter>
    <Filter Include="소스 파일\print">
      <UniqueIdentifier>{ff233ee8-3105-4d07-a22b-6e99cdda21d8}</UniqueIdentifier>
    </Filter>
    <Filter Include="소스 파일\mysql">
      <UniqueIdentifier>{5ba89565-e3ab-48ea-a113-a43172d4c5fe}</UniqueIdentifier>
    </Filter>
    <Filter Include="소스 파일\ranking">
      <UniqueIdentifier>{8f819122-8453-407b-afd0-8bcf70f94a45}</UniqueIdentifier>
    </Filter>
    <Filter Include="소스 파일\ballcountboard">
      <UniqueIdentifier>{99c49d46-9278-4b49-8b7a-07b772884523}</UniqueIdentifier>
    </Filter>
  </ItemGroup>
  <ItemGroup>
    <ClInclude Include="myhear.h">
      <Filter>헤더 파일</Filter>
    </ClInclude>
    <ClInclude Include="DB.h">
      <Filter>헤더 파일</Filter>
    </ClInclude>
    <ClInclude Include="structure.h">
      <Filter>헤더 파일</Filter>
    </ClInclude>
    <ClInclude Include="count.h">
      <Filter>헤더 파일</Filter>
    </ClInclude>
  </ItemGroup>
  <ItemGroup>
    <ClCompile Include="myfunction.h">
      <Filter>헤더 파일</Filter>
    </ClCompile>
    <ClCompile Include="main.c">
      <Filter>소스 파일\default</Filter>
    </ClCompile>
    <ClCompile Include="menu.c">
      <Filter>소스 파일\default</Filter>
    </ClCompile>
    <ClCompile Include="playergame.c">
      <Filter>소스 파일\game</Filter>
    </ClCompile>
    <ClCompile Include="compmakenum.c">
      <Filter>소스 파일\num</Filter>
    </ClCompile>
    <ClCompile Include="endscreen.c">
      <Filter>소스 파일\default</Filter>
    </ClCompile>
    <ClCompile Include="strikecheck.c">
      <Filter>소스 파일\check</Filter>
    </ClCompile>
    <ClCompile Include="ballcheck.c">
      <Filter>소스 파일\check</Filter>
    </ClCompile>
    <ClCompile Include="userinputnum.c">
      <Filter>소스 파일\num</Filter>
    </ClCompile>
    <ClCompile Include="scoreboard.c">
      <Filter>소스 파일\scoreborad</Filter>
    </ClCompile>
    <ClCompile Include="gotoxy.c">
      <Filter>소스 파일\print</Filter>
    </ClCompile>
    <ClCompile Include="textcolor.c">
      <Filter>소스 파일\print</Filter>
    </ClCompile>
    <ClCompile Include="insertscore.c">
      <Filter>소스 파일\mysql</Filter>
    </ClCompile>
    <ClCompile Include="first.c">
      <Filter>소스 파일\default</Filter>
    </ClCompile>
    <ClCompile Include="login.c">
      <Filter>소스 파일\mysql</Filter>
    </ClCompile>
    <ClCompile Include="myranking.c">
      <Filter>소스 파일\ranking</Filter>
    </ClCompile>
    <ClCompile Include="ranking.c">
      <Filter>소스 파일\ranking</Filter>
    </ClCompile>
    <ClCompile Include="scoreboradchoice.c">
      <Filter>소스 파일\scoreborad</Filter>
    </ClCompile>
    <ClCompile Include="choicecontinue.c">
      <Filter>소스 파일\game</Filter>
    </ClCompile>
    <ClCompile Include="outboard.c">
      <Filter>소스 파일\ballcountboard</Filter>
    </ClCompile>
    <ClCompile Include="ballboard.c">
      <Filter>소스 파일\ballcountboard</Filter>
    </ClCompile>
    <ClCompile Include="linesdraw.c">
      <Filter>소스 파일\print</Filter>
    </ClCompile>
    <ClCompile Include="strikeboard.c">
      <Filter>소스 파일\ballcountboard</Filter>
    </ClCompile>
  </ItemGroup>
</Project>